
Microsoft Visual Studio Solution File, Format Version 12.00
# Visual Studio Version 16
VisualStudioVersion = 16.0.31321.278
MinimumVisualStudioVersion = 10.0.40219.1
Project("{FAE04EC0-301F-11D3-BF4B-00C04F79EFBC}") = "Algols", "Algols\Algols.csproj", "{C5F8C1E1-23AB-445C-A473-10AA0228D5EA}"
EndProject
Global
	GlobalSection(SolutionConfigurationPlatforms) = preSolution
		Debug|Any CPU = Debug|Any CPU
		Release|Any CPU = Release|Any CPU
	EndGlobalSection
	GlobalSection(ProjectConfigurationPlatforms) = postSolution
		{C5F8C1E1-23AB-445C-A473-10AA0228D5EA}.Debug|Any CPU.ActiveCfg = Debug|Any CPU
		{C5F8C1E1-23AB-445C-A473-10AA0228D5EA}.Debug|Any CPU.Build.0 = Debug|Any CPU
		{C5F8C1E1-23AB-445C-A473-10AA0228D5EA}.Release|Any CPU.ActiveCfg = Release|Any CPU
		{C5F8C1E1-23AB-445C-A473-10AA0228D5EA}.Release|Any CPU.Build.0 = Release|Any CPU
	EndGlobalSection
	GlobalSection(SolutionProperties) = preSolution
		HideSolutionNode = FALSE
	EndGlobalSection
	GlobalSection(ExtensibilityGlobals) = postSolution
		SolutionGuid = {46C19190-6B61-4391-A1C7-E55E1FC9E435}
	EndGlobalSection
EndGlobal
